
Microsoft Visual Studio Solution File, Format Version 12.00
# Visual Studio Version 16
VisualStudioVersion = 16.0.28803.352
MinimumVisualStudioVersion = 10.0.40219.1
Project("{FAE04EC0-301F-11D3-BF4B-00C04F79EFBC}") = "Project", "Project\Project.csproj", "{1BDF0978-9B27-469C-AA1B-F53478D5C254}"
EndProject
Project("{FAE04EC0-301F-11D3-BF4B-00C04F79EFBC}") = "XMLData", "MyXMLData\XMLData.csproj", "{3468F9CE-CEF6-4211-95AF-104FAC62CECA}"
EndProject
Global
	GlobalSection(SolutionConfigurationPlatforms) = preSolution
		Debug|Any CPU = Debug|Any CPU
		Release|Any CPU = Release|Any CPU
	EndGlobalSection
	GlobalSection(ProjectConfigurationPlatforms) = postSolution
		{1BDF0978-9B27-469C-AA1B-F53478D5C254}.Debug|Any CPU.ActiveCfg = Debug|Any CPU
		{1BDF0978-9B27-469C-AA1B-F53478D5C254}.Debug|Any CPU.Build.0 = Debug|Any CPU
		{1BDF0978-9B27-469C-AA1B-F53478D5C254}.Release|Any CPU.ActiveCfg = Release|Any CPU
		{1BDF0978-9B27-469C-AA1B-F53478D5C254}.Release|Any CPU.Build.0 = Release|Any CPU
		{3468F9CE-CEF6-4211-95AF-104FAC62CECA}.Debug|Any CPU.ActiveCfg = Debug|Any CPU
		{3468F9CE-CEF6-4211-95AF-104FAC62CECA}.Debug|Any CPU.Build.0 = Debug|Any CPU
		{3468F9CE-CEF6-4211-95AF-104FAC62CECA}.Release|Any CPU.ActiveCfg = Release|Any CPU
		{3468F9CE-CEF6-4211-95AF-104FAC62CECA}.Release|Any CPU.Build.0 = Release|Any CPU
	EndGlobalSection
	GlobalSection(SolutionProperties) = preSolution
		HideSolutionNode = FALSE
	EndGlobalSection
	GlobalSection(ExtensibilityGlobals) = postSolution
		SolutionGuid = {110C71FD-45EA-4B76-ADE2-44A48F0FE780}
	EndGlobalSection
EndGlobal
